
Microsoft Visual Studio Solution File, Format Version 12.00
# Visual Studio Version 17
VisualStudioVersion = 17.2.32602.215
MinimumVisualStudioVersion = 10.0.40219.1
Project("{FAE04EC0-301F-11D3-BF4B-00C04F79EFBC}") = "CAMostValuablePlayer", "CAMostValuablePlayer\CAMostValuablePlayer.csproj", "{1DD87F04-797E-4ED0-BFC1-57B9ADFF656B}"
EndProject
Global
	GlobalSection(SolutionConfigurationPlatforms) = preSolution
		Debug|Any CPU = Debug|Any CPU
		Release|Any CPU = Release|Any CPU
	EndGlobalSection
	GlobalSection(ProjectConfigurationPlatforms) = postSolution
		{1DD87F04-797E-4ED0-BFC1-57B9ADFF656B}.Debug|Any CPU.ActiveCfg = Debug|Any CPU
		{1DD87F04-797E-4ED0-BFC1-57B9ADFF656B}.Debug|Any CPU.Build.0 = Debug|Any CPU
		{1DD87F04-797E-4ED0-BFC1-57B9ADFF656B}.Release|Any CPU.ActiveCfg = Release|Any CPU
		{1DD87F04-797E-4ED0-BFC1-57B9ADFF656B}.Release|Any CPU.Build.0 = Release|Any CPU
	EndGlobalSection
	GlobalSection(SolutionProperties) = preSolution
		HideSolutionNode = FALSE
	EndGlobalSection
	GlobalSection(ExtensibilityGlobals) = postSolution
		SolutionGuid = {FCA85133-A82B-4962-9100-B561D1095425}
	EndGlobalSection
EndGlobal
